
Microsoft Visual Studio Solution File, Format Version 12.00
# Visual Studio Version 17
VisualStudioVersion = 17.6.33829.357
MinimumVisualStudioVersion = 10.0.40219.1
Project("{9A19103F-16F7-4668-BE54-9A1E7A4F7556}") = "Injector", "InjectorNew1\Injector.csproj", "{B7C9F1A5-09D6-42C9-B1BC-8A00E000C9C7}"
EndProject
Global
	GlobalSection(SolutionConfigurationPlatforms) = preSolution
		Debug|Any CPU = Debug|Any CPU
		Release|Any CPU = Release|Any CPU
	EndGlobalSection
	GlobalSection(ProjectConfigurationPlatforms) = postSolution
		{B7C9F1A5-09D6-42C9-B1BC-8A00E000C9C7}.Debug|Any CPU.ActiveCfg = Debug|Any CPU
		{B7C9F1A5-09D6-42C9-B1BC-8A00E000C9C7}.Debug|Any CPU.Build.0 = Debug|Any CPU
		{B7C9F1A5-09D6-42C9-B1BC-8A00E000C9C7}.Release|Any CPU.ActiveCfg = Release|Any CPU
		{B7C9F1A5-09D6-42C9-B1BC-8A00E000C9C7}.Release|Any CPU.Build.0 = Release|Any CPU
	EndGlobalSection
	GlobalSection(SolutionProperties) = preSolution
		HideSolutionNode = FALSE
	EndGlobalSection
	GlobalSection(ExtensibilityGlobals) = postSolution
		SolutionGuid = {C58F3D8C-851B-43F2-B3A6-60AC77C0F892}
	EndGlobalSection
EndGlobal
